
Microsoft Visual Studio Solution File, Format Version 12.00
# Visual Studio Version 16
VisualStudioVersion = 16.0.29306.81
MinimumVisualStudioVersion = 10.0.40219.1
Project("{FAE04EC0-301F-11D3-BF4B-00C04F79EFBC}") = "Assignment1", "Assignment1\Assignment1.csproj", "{01965738-649E-408B-8A5F-71F93C743AC8}"
EndProject
Project("{FAE04EC0-301F-11D3-BF4B-00C04F79EFBC}") = "RectangleTests", "RectangleTests\RectangleTests.csproj", "{994F0D61-CD45-4B7B-AD53-DCABDA1076F1}"
EndProject
Global
	GlobalSection(SolutionConfigurationPlatforms) = preSolution
		Debug|Any CPU = Debug|Any CPU
		Release|Any CPU = Release|Any CPU
	EndGlobalSection
	GlobalSection(ProjectConfigurationPlatforms) = postSolution
		{01965738-649E-408B-8A5F-71F93C743AC8}.Debug|Any CPU.ActiveCfg = Debug|Any CPU
		{01965738-649E-408B-8A5F-71F93C743AC8}.Debug|Any CPU.Build.0 = Debug|Any CPU
		{01965738-649E-408B-8A5F-71F93C743AC8}.Release|Any CPU.ActiveCfg = Release|Any CPU
		{01965738-649E-408B-8A5F-71F93C743AC8}.Release|Any CPU.Build.0 = Release|Any CPU
		{994F0D61-CD45-4B7B-AD53-DCABDA1076F1}.Debug|Any CPU.ActiveCfg = Debug|Any CPU
		{994F0D61-CD45-4B7B-AD53-DCABDA1076F1}.Debug|Any CPU.Build.0 = Debug|Any CPU
		{994F0D61-CD45-4B7B-AD53-DCABDA1076F1}.Release|Any CPU.ActiveCfg = Release|Any CPU
		{994F0D61-CD45-4B7B-AD53-DCABDA1076F1}.Release|Any CPU.Build.0 = Release|Any CPU
	EndGlobalSection
	GlobalSection(SolutionProperties) = preSolution
		HideSolutionNode = FALSE
	EndGlobalSection
	GlobalSection(ExtensibilityGlobals) = postSolution
		SolutionGuid = {7A08225F-6D4E-434F-868E-5F7F817D28EE}
	EndGlobalSection
EndGlobal
