
Microsoft Visual Studio Solution File, Format Version 12.00
# Visual Studio Version 16
VisualStudioVersion = 16.0.29306.81
MinimumVisualStudioVersion = 10.0.40219.1
Project("{9A19103F-16F7-4668-BE54-9A1E7A4F7556}") = "Assignment1_rectangle", "Assignment1_rectangle.csproj", "{9677E5DB-BB53-435A-8343-88B9FB7F97FE}"
EndProject
Global
	GlobalSection(SolutionConfigurationPlatforms) = preSolution
		Debug|Any CPU = Debug|Any CPU
		Release|Any CPU = Release|Any CPU
	EndGlobalSection
	GlobalSection(ProjectConfigurationPlatforms) = postSolution
		{9677E5DB-BB53-435A-8343-88B9FB7F97FE}.Debug|Any CPU.ActiveCfg = Debug|Any CPU
		{9677E5DB-BB53-435A-8343-88B9FB7F97FE}.Debug|Any CPU.Build.0 = Debug|Any CPU
		{9677E5DB-BB53-435A-8343-88B9FB7F97FE}.Release|Any CPU.ActiveCfg = Release|Any CPU
		{9677E5DB-BB53-435A-8343-88B9FB7F97FE}.Release|Any CPU.Build.0 = Release|Any CPU
	EndGlobalSection
	GlobalSection(SolutionProperties) = preSolution
		HideSolutionNode = FALSE
	EndGlobalSection
	GlobalSection(ExtensibilityGlobals) = postSolution
		SolutionGuid = {6F767323-F60B-412C-8E42-7D0315156727}
	EndGlobalSection
EndGlobal
